// !$*UTF8*$!
{
	archiveVersion = 1;
	classes = {
	};
	objectVersion = 77;
	objects = {

/* Begin PBXBuildFile section */
		D0BFA2DE2D42FAF800031B00 /* PinterestLikeGrid in Frameworks */ = {isa = PBXBuildFile; productRef = D0BFA2DD2D42FAF800031B00 /* PinterestLikeGrid */; };
		D0BFA30B2D43C13C00031B00 /* ImageCardViewModel.swift in Sources */ = {isa = PBXBuildFile; fileRef = D0BFA30A2D43C13C00031B00 /* ImageCardViewModel.swift */; };
		D0E9D9CE2D4236C1004A39E4 /* HomeView.swift in Sources */ = {isa = PBXBuildFile; fileRef = D0E9D9C62D4236C1004A39E4 /* HomeView.swift */; };
		D0E9D9CF2D4236C1004A39E4 /* HomeViewEmpty.swift in Sources */ = {isa = PBXBuildFile; fileRef = D0E9D9C72D4236C1004A39E4 /* HomeViewEmpty.swift */; };
		D0E9D9D02D4236C1004A39E4 /* HomeViewModel.swift in Sources */ = {isa = PBXBuildFile; fileRef = D0E9D9C82D4236C1004A39E4 /* HomeViewModel.swift */; };
		D0E9D9D12D4236C1004A39E4 /* Model.swift in Sources */ = {isa = PBXBuildFile; fileRef = D0E9D9C92D4236C1004A39E4 /* Model.swift */; };
		D0E9D9D32D4236C1004A39E4 /* TestAppsheroApp.swift in Sources */ = {isa = PBXBuildFile; fileRef = D0E9D9CB2D4236C1004A39E4 /* TestAppsheroApp.swift */; };
		D0E9D9D42D4236C1004A39E4 /* Preview Assets.xcassets in Resources */ = {isa = PBXBuildFile; fileRef = D0E9D9C22D4236C1004A39E4 /* Preview Assets.xcassets */; };
		D0E9D9D52D4236C1004A39E4 /* Assets.xcassets in Resources */ = {isa = PBXBuildFile; fileRef = D0E9D9C42D4236C1004A39E4 /* Assets.xcassets */; };
		D0E9D9DA2D4272AF004A39E4 /* ImageCardView.swift in Sources */ = {isa = PBXBuildFile; fileRef = D0E9D9D92D4272AF004A39E4 /* ImageCardView.swift */; };
/* End PBXBuildFile section */

/* Begin PBXFileReference section */
		D0BFA2DB2D42B9D500031B00 /* Info.plist */ = {isa = PBXFileReference; lastKnownFileType = text.plist; path = Info.plist; sourceTree = "<group>"; };
		D0BFA30A2D43C13C00031B00 /* ImageCardViewModel.swift */ = {isa = PBXFileReference; lastKnownFileType = sourcecode.swift; path = ImageCardViewModel.swift; sourceTree = "<group>"; };
		D0E9D9622D414EF6004A39E4 /* TestAppshero.app */ = {isa = PBXFileReference; explicitFileType = wrapper.application; includeInIndex = 0; path = TestAppshero.app; sourceTree = BUILT_PRODUCTS_DIR; };
		D0E9D9C22D4236C1004A39E4 /* Preview Assets.xcassets */ = {isa = PBXFileReference; lastKnownFileType = folder.assetcatalog; path = "Preview Assets.xcassets"; sourceTree = "<group>"; };
		D0E9D9C42D4236C1004A39E4 /* Assets.xcassets */ = {isa = PBXFileReference; lastKnownFileType = folder.assetcatalog; path = Assets.xcassets; sourceTree = "<group>"; };
		D0E9D9C62D4236C1004A39E4 /* HomeView.swift */ = {isa = PBXFileReference; lastKnownFileType = sourcecode.swift; path = HomeView.swift; sourceTree = "<group>"; };
		D0E9D9C72D4236C1004A39E4 /* HomeViewEmpty.swift */ = {isa = PBXFileReference; lastKnownFileType = sourcecode.swift; path = HomeViewEmpty.swift; sourceTree = "<group>"; };
		D0E9D9C82D4236C1004A39E4 /* HomeViewModel.swift */ = {isa = PBXFileReference; lastKnownFileType = sourcecode.swift; path = HomeViewModel.swift; sourceTree = "<group>"; };
		D0E9D9C92D4236C1004A39E4 /* Model.swift */ = {isa = PBXFileReference; lastKnownFileType = sourcecode.swift; path = Model.swift; sourceTree = "<group>"; };
		D0E9D9CB2D4236C1004A39E4 /* TestAppsheroApp.swift */ = {isa = PBXFileReference; lastKnownFileType = sourcecode.swift; path = TestAppsheroApp.swift; sourceTree = "<group>"; };
		D0E9D9D92D4272AF004A39E4 /* ImageCardView.swift */ = {isa = PBXFileReference; lastKnownFileType = sourcecode.swift; path = ImageCardView.swift; sourceTree = "<group>"; };
/* End PBXFileReference section */

/* Begin PBXFrameworksBuildPhase section */
		D0E9D95F2D414EF6004A39E4 /* Frameworks */ = {
			isa = PBXFrameworksBuildPhase;
			buildActionMask = 2147483647;
			files = (
				D0BFA2DE2D42FAF800031B00 /* PinterestLikeGrid in Frameworks */,
			);
			runOnlyForDeploymentPostprocessing = 0;
		};
/* End PBXFrameworksBuildPhase section */

/* Begin PBXGroup section */
		D0BFA2E12D43908300031B00 /* HomeView */ = {
			isa = PBXGroup;
			children = (
				D0E9D9C62D4236C1004A39E4 /* HomeView.swift */,
				D0E9D9C82D4236C1004A39E4 /* HomeViewModel.swift */,
			);
			path = HomeView;
			sourceTree = "<group>";
		};
		D0BFA2E22D4390A600031B00 /* View */ = {
			isa = PBXGroup;
			children = (
				D0E9D9C72D4236C1004A39E4 /* HomeViewEmpty.swift */,
			);
			path = View;
			sourceTree = "<group>";
		};
		D0BFA2E32D4390C400031B00 /* Model */ = {
			isa = PBXGroup;
			children = (
				D0E9D9C92D4236C1004A39E4 /* Model.swift */,
			);
			path = Model;
			sourceTree = "<group>";
		};
		D0BFA30C2D43C14800031B00 /* ImageView */ = {
			isa = PBXGroup;
			children = (
				D0E9D9D92D4272AF004A39E4 /* ImageCardView.swift */,
				D0BFA30A2D43C13C00031B00 /* ImageCardViewModel.swift */,
			);
			path = ImageView;
			sourceTree = "<group>";
		};
		D0E9D9592D414EF6004A39E4 = {
			isa = PBXGroup;
			children = (
				D0E9D9CC2D4236C1004A39E4 /* TestAppshero */,
				D0E9D9632D414EF6004A39E4 /* Products */,
			);
			sourceTree = "<group>";
		};
		D0E9D9632D414EF6004A39E4 /* Products */ = {
			isa = PBXGroup;
			children = (
				D0E9D9622D414EF6004A39E4 /* TestAppshero.app */,
			);
			name = Products;
			sourceTree = "<group>";
		};
		D0E9D9C32D4236C1004A39E4 /* Preview Content */ = {
			isa = PBXGroup;
			children = (
				D0E9D9C22D4236C1004A39E4 /* Preview Assets.xcassets */,
			);
			path = "Preview Content";
			sourceTree = "<group>";
		};
		D0E9D9CC2D4236C1004A39E4 /* TestAppshero */ = {
			isa = PBXGroup;
			children = (
				D0BFA2DB2D42B9D500031B00 /* Info.plist */,
				D0E9D9C32D4236C1004A39E4 /* Preview Content */,
				D0E9D9C42D4236C1004A39E4 /* Assets.xcassets */,
				D0E9D9CB2D4236C1004A39E4 /* TestAppsheroApp.swift */,
				D0BFA2E12D43908300031B00 /* HomeView */,
				D0BFA30C2D43C14800031B00 /* ImageView */,
				D0BFA2E22D4390A600031B00 /* View */,
				D0BFA2E32D4390C400031B00 /* Model */,
			);
			path = TestAppshero;
			sourceTree = "<group>";
		};
/* End PBXGroup section */

/* Begin PBXNativeTarget section */
		D0E9D9612D414EF6004A39E4 /* TestAppshero */ = {
			isa = PBXNativeTarget;
			buildConfigurationList = D0E9D9702D414EF8004A39E4 /* Build configuration list for PBXNativeTarget "TestAppshero" */;
			buildPhases = (
				D0E9D95E2D414EF6004A39E4 /* Sources */,
				D0E9D95F2D414EF6004A39E4 /* Frameworks */,
				D0E9D9602D414EF6004A39E4 /* Resources */,
			);
			buildRules = (
			);
			dependencies = (
			);
			name = TestAppshero;
			packageProductDependencies = (
				D0BFA2DD2D42FAF800031B00 /* PinterestLikeGrid */,
			);
			productName = TestAppshero;
			productReference = D0E9D9622D414EF6004A39E4 /* TestAppshero.app */;
			productType = "com.apple.product-type.application";
		};
/* End PBXNativeTarget section */

/* Begin PBXProject section */
		D0E9D95A2D414EF6004A39E4 /* Project object */ = {
			isa = PBXProject;
			attributes = {
				BuildIndependentTargetsInParallel = 1;
				LastSwiftUpdateCheck = 1620;
				LastUpgradeCheck = 1620;
				TargetAttributes = {
					D0E9D9612D414EF6004A39E4 = {
						CreatedOnToolsVersion = 16.2;
					};
				};
			};
			buildConfigurationList = D0E9D95D2D414EF6004A39E4 /* Build configuration list for PBXProject "TestAppshero" */;
			developmentRegion = en;
			hasScannedForEncodings = 0;
			knownRegions = (
				en,
				Base,
			);
			mainGroup = D0E9D9592D414EF6004A39E4;
			minimizedProjectReferenceProxies = 1;
			packageReferences = (
				D0BFA2DC2D42FAF800031B00 /* XCRemoteSwiftPackageReference "PinterestLikeGrid" */,
			);
			preferredProjectObjectVersion = 77;
			productRefGroup = D0E9D9632D414EF6004A39E4 /* Products */;
			projectDirPath = "";
			projectRoot = "";
			targets = (
				D0E9D9612D414EF6004A39E4 /* TestAppshero */,
			);
		};
/* End PBXProject section */

/* Begin PBXResourcesBuildPhase section */
		D0E9D9602D414EF6004A39E4 /* Resources */ = {
			isa = PBXResourcesBuildPhase;
			buildActionMask = 2147483647;
			files = (
				D0E9D9D42D4236C1004A39E4 /* Preview Assets.xcassets in Resources */,
				D0E9D9D52D4236C1004A39E4 /* Assets.xcassets in Resources */,
			);
			runOnlyForDeploymentPostprocessing = 0;
		};
/* End PBXResourcesBuildPhase section */

/* Begin PBXSourcesBuildPhase section */
		D0E9D95E2D414EF6004A39E4 /* Sources */ = {
			isa = PBXSourcesBuildPhase;
			buildActionMask = 2147483647;
			files = (
				D0E9D9CE2D4236C1004A39E4 /* HomeView.swift in Sources */,
				D0E9D9CF2D4236C1004A39E4 /* HomeViewEmpty.swift in Sources */,
				D0E9D9D02D4236C1004A39E4 /* HomeViewModel.swift in Sources */,
				D0E9D9D12D4236C1004A39E4 /* Model.swift in Sources */,
				D0BFA30B2D43C13C00031B00 /* ImageCardViewModel.swift in Sources */,
				D0E9D9DA2D4272AF004A39E4 /* ImageCardView.swift in Sources */,
				D0E9D9D32D4236C1004A39E4 /* TestAppsheroApp.swift in Sources */,
			);
			runOnlyForDeploymentPostprocessing = 0;
		};
/* End PBXSourcesBuildPhase section */

/* Begin XCBuildConfiguration section */
		D0E9D96E2D414EF8004A39E4 /* Debug */ = {
			isa = XCBuildConfiguration;
			buildSettings = {
				ALWAYS_SEARCH_USER_PATHS = NO;
				ASSETCATALOG_COMPILER_GENERATE_SWIFT_ASSET_SYMBOL_EXTENSIONS = YES;
				CLANG_ANALYZER_NONNULL = YES;
				CLANG_ANALYZER_NUMBER_OBJECT_CONVERSION = YES_AGGRESSIVE;
				CLANG_CXX_LANGUAGE_STANDARD = "gnu++20";
				CLANG_ENABLE_MODULES = YES;
				CLANG_ENABLE_OBJC_ARC = YES;
				CLANG_ENABLE_OBJC_WEAK = YES;
				CLANG_WARN_BLOCK_CAPTURE_AUTORELEASING = YES;
				CLANG_WARN_BOOL_CONVERSION = YES;
				CLANG_WARN_COMMA = YES;
				CLANG_WARN_CONSTANT_CONVERSION = YES;
				CLANG_WARN_DEPRECATED_OBJC_IMPLEMENTATIONS = YES;
				CLANG_WARN_DIRECT_OBJC_ISA_USAGE = YES_ERROR;
				CLANG_WARN_DOCUMENTATION_COMMENTS = YES;
				CLANG_WARN_EMPTY_BODY = YES;
				CLANG_WARN_ENUM_CONVERSION = YES;
				CLANG_WARN_INFINITE_RECURSION = YES;
				CLANG_WARN_INT_CONVERSION = YES;
				CLANG_WARN_NON_LITERAL_NULL_CONVERSION = YES;
				CLANG_WARN_OBJC_IMPLICIT_RETAIN_SELF = YES;
				CLANG_WARN_OBJC_LITERAL_CONVERSION = YES;
				CLANG_WARN_OBJC_ROOT_CLASS = YES_ERROR;
				CLANG_WARN_QUOTED_INCLUDE_IN_FRAMEWORK_HEADER = YES;
				CLANG_WARN_RANGE_LOOP_ANALYSIS = YES;
				CLANG_WARN_STRICT_PROTOTYPES = YES;
				CLANG_WARN_SUSPICIOUS_MOVE = YES;
				CLANG_WARN_UNGUARDED_AVAILABILITY = YES_AGGRESSIVE;
				CLANG_WARN_UNREACHABLE_CODE = YES;
				CLANG_WARN__DUPLICATE_METHOD_MATCH = YES;
				COPY_PHASE_STRIP = NO;
				DEBUG_INFORMATION_FORMAT = dwarf;
				ENABLE_STRICT_OBJC_MSGSEND = YES;
				ENABLE_TESTABILITY = YES;
				ENABLE_USER_SCRIPT_SANDBOXING = YES;
				GCC_C_LANGUAGE_STANDARD = gnu17;
				GCC_DYNAMIC_NO_PIC = NO;
				GCC_NO_COMMON_BLOCKS = YES;
				GCC_OPTIMIZATION_LEVEL = 0;
				GCC_PREPROCESSOR_DEFINITIONS = (
					"DEBUG=1",
					"$(inherited)",
				);
				GCC_WARN_64_TO_32_BIT_CONVERSION = YES;
				GCC_WARN_ABOUT_RETURN_TYPE = YES_ERROR;
				GCC_WARN_UNDECLARED_SELECTOR = YES;
				GCC_WARN_UNINITIALIZED_AUTOS = YES_AGGRESSIVE;
				GCC_WARN_UNUSED_FUNCTION = YES;
				GCC_WARN_UNUSED_VARIABLE = YES;
				IPHONEOS_DEPLOYMENT_TARGET = 18.2;
				LOCALIZATION_PREFERS_STRING_CATALOGS = YES;
				MTL_ENABLE_DEBUG_INFO = INCLUDE_SOURCE;
				MTL_FAST_MATH = YES;
				ONLY_ACTIVE_ARCH = YES;
				SDKROOT = iphoneos;
				SWIFT_ACTIVE_COMPILATION_CONDITIONS = "DEBUG $(inherited)";
				SWIFT_OPTIMIZATION_LEVEL = "-Onone";
			};
			name = Debug;
		};
		D0E9D96F2D414EF8004A39E4 /* Release */ = {
			isa = XCBuildConfiguration;
			buildSettings = {
				ALWAYS_SEARCH_USER_PATHS = NO;
				ASSETCATALOG_COMPILER_GENERATE_SWIFT_ASSET_SYMBOL_EXTENSIONS = YES;
				CLANG_ANALYZER_NONNULL = YES;
				CLANG_ANALYZER_NUMBER_OBJECT_CONVERSION = YES_AGGRESSIVE;
				CLANG_CXX_LANGUAGE_STANDARD = "gnu++20";
				CLANG_ENABLE_MODULES = YES;
				CLANG_ENABLE_OBJC_ARC = YES;
				CLANG_ENABLE_OBJC_WEAK = YES;
				CLANG_WARN_BLOCK_CAPTURE_AUTORELEASING = YES;
				CLANG_WARN_BOOL_CONVERSION = YES;
				CLANG_WARN_COMMA = YES;
				CLANG_WARN_CONSTANT_CONVERSION = YES;
				CLANG_WARN_DEPRECATED_OBJC_IMPLEMENTATIONS = YES;
				CLANG_WARN_DIRECT_OBJC_ISA_USAGE = YES_ERROR;
				CLANG_WARN_DOCUMENTATION_COMMENTS = YES;
				CLANG_WARN_EMPTY_BODY = YES;
				CLANG_WARN_ENUM_CONVERSION = YES;
				CLANG_WARN_INFINITE_RECURSION = YES;
				CLANG_WARN_INT_CONVERSION = YES;
				CLANG_WARN_NON_LITERAL_NULL_CONVERSION = YES;
				CLANG_WARN_OBJC_IMPLICIT_RETAIN_SELF = YES;
				CLANG_WARN_OBJC_LITERAL_CONVERSION = YES;
				CLANG_WARN_OBJC_ROOT_CLASS = YES_ERROR;
				CLANG_WARN_QUOTED_INCLUDE_IN_FRAMEWORK_HEADER = YES;
				CLANG_WARN_RANGE_LOOP_ANALYSIS = YES;
				CLANG_WARN_STRICT_PROTOTYPES = YES;
				CLANG_WARN_SUSPICIOUS_MOVE = YES;
				CLANG_WARN_UNGUARDED_AVAILABILITY = YES_AGGRESSIVE;
				CLANG_WARN_UNREACHABLE_CODE = YES;
				CLANG_WARN__DUPLICATE_METHOD_MATCH = YES;
				COPY_PHASE_STRIP = NO;
				DEBUG_INFORMATION_FORMAT = "dwarf-with-dsym";
				ENABLE_NS_ASSERTIONS = NO;
				ENABLE_STRICT_OBJC_MSGSEND = YES;
				ENABLE_USER_SCRIPT_SANDBOXING = YES;
				GCC_C_LANGUAGE_STANDARD = gnu17;
				GCC_NO_COMMON_BLOCKS = YES;
				GCC_WARN_64_TO_32_BIT_CONVERSION = YES;
				GCC_WARN_ABOUT_RETURN_TYPE = YES_ERROR;
				GCC_WARN_UNDECLARED_SELECTOR = YES;
				GCC_WARN_UNINITIALIZED_AUTOS = YES_AGGRESSIVE;
				GCC_WARN_UNUSED_FUNCTION = YES;
				GCC_WARN_UNUSED_VARIABLE = YES;
				IPHONEOS_DEPLOYMENT_TARGET = 18.2;
				LOCALIZATION_PREFERS_STRING_CATALOGS = YES;
				MTL_ENABLE_DEBUG_INFO = NO;
				MTL_FAST_MATH = YES;
				SDKROOT = iphoneos;
				SWIFT_COMPILATION_MODE = wholemodule;
				VALIDATE_PRODUCT = YES;
			};
			name = Release;
		};
		D0E9D9712D414EF8004A39E4 /* Debug */ = {
			isa = XCBuildConfiguration;
			buildSettings = {
				ASSETCATALOG_COMPILER_APPICON_NAME = AppIcon;
				ASSETCATALOG_COMPILER_GLOBAL_ACCENT_COLOR_NAME = AccentColor;
				CODE_SIGN_STYLE = Automatic;
				CURRENT_PROJECT_VERSION = 1;
				DEVELOPMENT_ASSET_PATHS = "\"TestAppshero/Preview Content\"";
				DEVELOPMENT_TEAM = B9RY2H98ND;
				ENABLE_PREVIEWS = YES;
				GENERATE_INFOPLIST_FILE = YES;
				INFOPLIST_FILE = TestAppshero/Info.plist;
				INFOPLIST_KEY_NSPhotoLibraryUsageDescription = "Это приложение требует разрешения для загрузки и добавлении изображений в вашу галерею.";
				INFOPLIST_KEY_UIApplicationSceneManifest_Generation = YES;
				INFOPLIST_KEY_UIApplicationSupportsIndirectInputEvents = YES;
				INFOPLIST_KEY_UILaunchScreen_Generation = YES;
				INFOPLIST_KEY_UISupportedInterfaceOrientations_iPad = "UIInterfaceOrientationPortrait UIInterfaceOrientationPortraitUpsideDown UIInterfaceOrientationLandscapeLeft UIInterfaceOrientationLandscapeRight";
				INFOPLIST_KEY_UISupportedInterfaceOrientations_iPhone = "UIInterfaceOrientationPortrait UIInterfaceOrientationLandscapeLeft UIInterfaceOrientationLandscapeRight";
				IPHONEOS_DEPLOYMENT_TARGET = 17.6;
				LD_RUNPATH_SEARCH_PATHS = (
					"$(inherited)",
					"@executable_path/Frameworks",
				);
				MARKETING_VERSION = 1.0;
				PRODUCT_BUNDLE_IDENTIFIER = bilinskiy.TestAppshero;
				PRODUCT_NAME = "$(TARGET_NAME)";
				SWIFT_EMIT_LOC_STRINGS = YES;
				SWIFT_VERSION = 5.0;
				TARGETED_DEVICE_FAMILY = "1,2";
			};
			name = Debug;
		};
		D0E9D9722D414EF8004A39E4 /* Release */ = {
			isa = XCBuildConfiguration;
			buildSettings = {
				ASSETCATALOG_COMPILER_APPICON_NAME = AppIcon;
				ASSETCATALOG_COMPILER_GLOBAL_ACCENT_COLOR_NAME = AccentColor;
				CODE_SIGN_STYLE = Automatic;
				CURRENT_PROJECT_VERSION = 1;
				DEVELOPMENT_ASSET_PATHS = "\"TestAppshero/Preview Content\"";
				DEVELOPMENT_TEAM = B9RY2H98ND;
				ENABLE_PREVIEWS = YES;
				GENERATE_INFOPLIST_FILE = YES;
				INFOPLIST_FILE = TestAppshero/Info.plist;
				INFOPLIST_KEY_NSPhotoLibraryUsageDescription = "Это приложение требует разрешения для загрузки и добавлении изображений в вашу галерею.";
				INFOPLIST_KEY_UIApplicationSceneManifest_Generation = YES;
				INFOPLIST_KEY_UIApplicationSupportsIndirectInputEvents = YES;
				INFOPLIST_KEY_UILaunchScreen_Generation = YES;
				INFOPLIST_KEY_UISupportedInterfaceOrientations_iPad = "UIInterfaceOrientationPortrait UIInterfaceOrientationPortraitUpsideDown UIInterfaceOrientationLandscapeLeft UIInterfaceOrientationLandscapeRight";
				INFOPLIST_KEY_UISupportedInterfaceOrientations_iPhone = "UIInterfaceOrientationPortrait UIInterfaceOrientationLandscapeLeft UIInterfaceOrientationLandscapeRight";
				IPHONEOS_DEPLOYMENT_TARGET = 17.6;
				LD_RUNPATH_SEARCH_PATHS = (
					"$(inherited)",
					"@executable_path/Frameworks",
				);
				MARKETING_VERSION = 1.0;
				PRODUCT_BUNDLE_IDENTIFIER = bilinskiy.TestAppshero;
				PRODUCT_NAME = "$(TARGET_NAME)";
				SWIFT_EMIT_LOC_STRINGS = YES;
				SWIFT_VERSION = 5.0;
				TARGETED_DEVICE_FAMILY = "1,2";
			};
			name = Release;
		};
/* End XCBuildConfiguration section */

/* Begin XCConfigurationList section */
		D0E9D95D2D414EF6004A39E4 /* Build configuration list for PBXProject "TestAppshero" */ = {
			isa = XCConfigurationList;
			buildConfigurations = (
				D0E9D96E2D414EF8004A39E4 /* Debug */,
				D0E9D96F2D414EF8004A39E4 /* Release */,
			);
			defaultConfigurationIsVisible = 0;
			defaultConfigurationName = Release;
		};
		D0E9D9702D414EF8004A39E4 /* Build configuration list for PBXNativeTarget "TestAppshero" */ = {
			isa = XCConfigurationList;
			buildConfigurations = (
				D0E9D9712D414EF8004A39E4 /* Debug */,
				D0E9D9722D414EF8004A39E4 /* Release */,
			);
			defaultConfigurationIsVisible = 0;
			defaultConfigurationName = Release;
		};
/* End XCConfigurationList section */

/* Begin XCRemoteSwiftPackageReference section */
		D0BFA2DC2D42FAF800031B00 /* XCRemoteSwiftPackageReference "PinterestLikeGrid" */ = {
			isa = XCRemoteSwiftPackageReference;
			repositoryURL = "https://github.com/thaisrfernandes/PinterestLikeGrid.git";
			requirement = {
				branch = main;
				kind = branch;
			};
		};
/* End XCRemoteSwiftPackageReference section */

/* Begin XCSwiftPackageProductDependency section */
		D0BFA2DD2D42FAF800031B00 /* PinterestLikeGrid */ = {
			isa = XCSwiftPackageProductDependency;
			package = D0BFA2DC2D42FAF800031B00 /* XCRemoteSwiftPackageReference "PinterestLikeGrid" */;
			productName = PinterestLikeGrid;
		};
/* End XCSwiftPackageProductDependency section */
	};
	rootObject = D0E9D95A2D414EF6004A39E4 /* Project object */;
}
